PODS:
  - Swiftest (0.0.2)
  - UIKitExtensions (0.0.3):
    - Swiftest

DEPENDENCIES:
  - Swiftest (from `https://github.com/appsaurus/Swiftest.git`)
  - UIKitExtensions (from `../../`)

EXTERNAL SOURCES:
  Swiftest:
    :git: https://github.com/appsaurus/Swiftest.git
  UIKitExtensions:
    :path: "../../"

CHECKOUT OPTIONS:
  Swiftest:
    :commit: cd7ba87eda65d91b4e9a65be791517677149972a
    :git: https://github.com/appsaurus/Swiftest.git

SPEC CHECKSUMS:
  Swiftest: d63bb5f7427ebfd10753609d834219db97b63441
  UIKitExtensions: 1704cca38eb16e4917b2dc424beddfa5269b1051

PODFILE CHECKSUM: fad40b7276868aaf3d4638877584fcf145a605ba

COCOAPODS: 1.5.3
