PODS:
  - Swiftest (0.0.7)
  - UIKitExtensions (0.0.5):
    - Swiftest

DEPENDENCIES:
  - Swiftest (from `https://github.com/appsaurus/Swiftest.git`)
  - UIKitExtensions (from `../../`)

EXTERNAL SOURCES:
  Swiftest:
    :git: https://github.com/appsaurus/Swiftest.git
  UIKitExtensions:
    :path: "../../"

CHECKOUT OPTIONS:
  Swiftest:
    :commit: d06b5bf1b3ad0ba1fb0da56b8e0ce7cb17c33c06
    :git: https://github.com/appsaurus/Swiftest.git

SPEC CHECKSUMS:
  Swiftest: 01e61763b756919cdf244e1429670dcad08fb91d
  UIKitExtensions: b2463090413fe065041c029368f62ff951b6b69c

PODFILE CHECKSUM: f44f65a54315bb877d8de1cac2a8491c9d4b5f9a

COCOAPODS: 1.5.3
