PODS:
  - Swiftest (0.0.6)
  - SwiftLint (0.29.1)

DEPENDENCIES:
  - Swiftest (from `https://github.com/appsaurus/Swiftest.git`)
  - SwiftLint

SPEC REPOS:
  https://github.com/cocoapods/specs.git:
    - SwiftLint

EXTERNAL SOURCES:
  Swiftest:
    :git: https://github.com/appsaurus/Swiftest.git

CHECKOUT OPTIONS:
  Swiftest:
    :commit: 634fa20601cbc6117d2e3f74ed330854a3a4535f
    :git: https://github.com/appsaurus/Swiftest.git

SPEC CHECKSUMS:
  Swiftest: 7df25aa2579b47c8186ce769910a73c3dd334cd6
  SwiftLint: 6772320e40b52049053a518c17db9b0634a0b45a

PODFILE CHECKSUM: 05be9d948e8466b674f82a2705e506dd65b22d25

COCOAPODS: 1.5.3
