PODS:
  - DarkMagic (0.0.2)
  - Swiftest (0.0.17)
  - SwiftLint (0.31.0)
  - SwiftTestUtils (0.1.3)

DEPENDENCIES:
  - DarkMagic (from `https://github.com/appsaurus/DarkMagic.git`)
  - Swiftest (from `https://github.com/appsaurus/Swiftest.git`)
  - SwiftLint
  - SwiftTestUtils (from `https://github.com/appsaurus/SwiftTestUtils.git`)

SPEC REPOS:
  https://github.com/cocoapods/specs.git:
    - SwiftLint

EXTERNAL SOURCES:
  DarkMagic:
    :git: https://github.com/appsaurus/DarkMagic.git
  Swiftest:
    :git: https://github.com/appsaurus/Swiftest.git
  SwiftTestUtils:
    :git: https://github.com/appsaurus/SwiftTestUtils.git

CHECKOUT OPTIONS:
  DarkMagic:
    :commit: 0dd7dbb31d16ef1afd4ccc75b1179a54296aaaed
    :git: https://github.com/appsaurus/DarkMagic.git
  Swiftest:
    :commit: ff4364013a01916776b54638b64e49149dd31455
    :git: https://github.com/appsaurus/Swiftest.git
  SwiftTestUtils:
    :commit: 7661563b4a109b42005b28b59b8eb2a1456f41ff
    :git: https://github.com/appsaurus/SwiftTestUtils.git

SPEC CHECKSUMS:
  DarkMagic: b71093ea6606dd5737eca437e63aa8a30db213b5
  Swiftest: b881cb1efb87a569d13b994af6f3a2907e801c5b
  SwiftLint: 7a0227733d786395817373b2d0ca799fd0093ff3
  SwiftTestUtils: b8bb7e96dc2e9a356baa42fcee191a049f6f5331

PODFILE CHECKSUM: bb199c9660e2f831372246790d1caf257c8c0480

COCOAPODS: 1.5.3
